# This file is generated by running "yarn install" inside your project.
# Manual changes might be lost - proceed with caution!

__metadata:
  version: 8
  cacheKey: 10c0

"my-app@workspace:packages/my-app":
  version: 0.0.0-use.local
  resolution: "my-app@workspace:packages/my-app"
  dependencies:
    nice-build: "npm:^1.3.0"
    nice-build-plugin-good: "npm:^1.1.0"
  languageName: unknown
  linkType: soft

"nice-build-plugin-good@npm:^1.1.0":
  version: 1.1.0
  resolution: "nice-build-plugin-good@npm:1.1.0"
  peerDependencies:
    nice-build: ^1.0.0
  checksum: 10c0/c74ceb97d4b63dc498a17994d650822689aeff9c94e369fd0fa8ce364089ecdc280973856813a383ba02565d7a644583a7341b4fe0046388e55e88ee11f76849
  languageName: node
  linkType: hard

"nice-build@npm:^1.3.0":
  version: 1.5.0
  resolution: "nice-build@npm:1.5.0"
  checksum: 10c0/f7a79282db104abd26daaa77a944bf7019c454a55852fb7e1e42f83c871bfaf2925df6f2c88c1a79ec0fd33b420c267dd8b24e9d6e0381b1a75239de731f9afc
  languageName: node
  linkType: hard

"yarn-pnp-app@workspace:.":
  version: 0.0.0-use.local
  resolution: "yarn-pnp-app@workspace:."
  languageName: unknown
  linkType: soft

"your-app@workspace:packages/your-app":
  version: 0.0.0-use.local
  resolution: "your-app@workspace:packages/your-app"
  dependencies:
    nice-build: "npm:^1.3.0"
  languageName: unknown
  linkType: soft
